
Microsoft Visual Studio Solution File, Format Version 12.00
# Visual Studio Version 16
VisualStudioVersion = 16.0.30621.155
MinimumVisualStudioVersion = 10.0.40219.1
Project("{FAE04EC0-301F-11D3-BF4B-00C04F79EFBC}") = "ECUADOR_SERVICE.Android", "ECUADOR_SERVICE\ECUADOR_SERVICE.Android\ECUADOR_SERVICE.Android.csproj", "{21F6C10D-5727-489E-A81D-8C2E5ACC8F1B}"
EndProject
Project("{FAE04EC0-301F-11D3-BF4B-00C04F79EFBC}") = "ECUADOR_SERVICE.iOS", "ECUADOR_SERVICE\ECUADOR_SERVICE.iOS\ECUADOR_SERVICE.iOS.csproj", "{83961731-5047-4073-B48F-AB6581D5A3A0}"
EndProject
Project("{9A19103F-16F7-4668-BE54-9A1E7A4F7556}") = "ECUADOR_SERVICE", "ECUADOR_SERVICE\ECUADOR_SERVICE\ECUADOR_SERVICE.csproj", "{A4AD0032-82FA-4925-83C5-C30E55FA24E6}"
EndProject
Global
	GlobalSection(SolutionConfigurationPlatforms) = preSolution
		Debug|Any CPU = Debug|Any CPU
		Debug|iPhone = Debug|iPhone
		Debug|iPhoneSimulator = Debug|iPhoneSimulator
		Release|Any CPU = Release|Any CPU
		Release|iPhone = Release|iPhone
		Release|iPhoneSimulator = Release|iPhoneSimulator
	EndGlobalSection
	GlobalSection(ProjectConfigurationPlatforms) = postSolution
		{21F6C10D-5727-489E-A81D-8C2E5ACC8F1B}.Debug|Any CPU.ActiveCfg = Debug|Any CPU
		{21F6C10D-5727-489E-A81D-8C2E5ACC8F1B}.Debug|Any CPU.Build.0 = Debug|Any CPU
		{21F6C10D-5727-489E-A81D-8C2E5ACC8F1B}.Debug|Any CPU.Deploy.0 = Debug|Any CPU
		{21F6C10D-5727-489E-A81D-8C2E5ACC8F1B}.Debug|iPhone.ActiveCfg = Debug|Any CPU
		{21F6C10D-5727-489E-A81D-8C2E5ACC8F1B}.Debug|iPhone.Build.0 = Debug|Any CPU
		{21F6C10D-5727-489E-A81D-8C2E5ACC8F1B}.Debug|iPhone.Deploy.0 = Debug|Any CPU
		{21F6C10D-5727-489E-A81D-8C2E5ACC8F1B}.Debug|iPhoneSimulator.ActiveCfg = Debug|Any CPU
		{21F6C10D-5727-489E-A81D-8C2E5ACC8F1B}.Debug|iPhoneSimulator.Build.0 = Debug|Any CPU
		{21F6C10D-5727-489E-A81D-8C2E5ACC8F1B}.Debug|iPhoneSimulator.Deploy.0 = Debug|Any CPU
		{21F6C10D-5727-489E-A81D-8C2E5ACC8F1B}.Release|Any CPU.ActiveCfg = Release|Any CPU
		{21F6C10D-5727-489E-A81D-8C2E5ACC8F1B}.Release|Any CPU.Build.0 = Release|Any CPU
		{21F6C10D-5727-489E-A81D-8C2E5ACC8F1B}.Release|Any CPU.Deploy.0 = Release|Any CPU
		{21F6C10D-5727-489E-A81D-8C2E5ACC8F1B}.Release|iPhone.ActiveCfg = Release|Any CPU
		{21F6C10D-5727-489E-A81D-8C2E5ACC8F1B}.Release|iPhone.Build.0 = Release|Any CPU
		{21F6C10D-5727-489E-A81D-8C2E5ACC8F1B}.Release|iPhone.Deploy.0 = Release|Any CPU
		{21F6C10D-5727-489E-A81D-8C2E5ACC8F1B}.Release|iPhoneSimulator.ActiveCfg = Release|Any CPU
		{21F6C10D-5727-489E-A81D-8C2E5ACC8F1B}.Release|iPhoneSimulator.Build.0 = Release|Any CPU
		{21F6C10D-5727-489E-A81D-8C2E5ACC8F1B}.Release|iPhoneSimulator.Deploy.0 = Release|Any CPU
		{83961731-5047-4073-B48F-AB6581D5A3A0}.Debug|Any CPU.ActiveCfg = Debug|iPhone
		{83961731-5047-4073-B48F-AB6581D5A3A0}.Debug|Any CPU.Build.0 = Debug|iPhone
		{83961731-5047-4073-B48F-AB6581D5A3A0}.Debug|Any CPU.Deploy.0 = Debug|iPhone
		{83961731-5047-4073-B48F-AB6581D5A3A0}.Debug|iPhone.ActiveCfg = Debug|iPhone
		{83961731-5047-4073-B48F-AB6581D5A3A0}.Debug|iPhone.Build.0 = Debug|iPhone
		{83961731-5047-4073-B48F-AB6581D5A3A0}.Debug|iPhone.Deploy.0 = Debug|iPhone
		{83961731-5047-4073-B48F-AB6581D5A3A0}.Debug|iPhoneSimulator.ActiveCfg = Debug|iPhoneSimulator
		{83961731-5047-4073-B48F-AB6581D5A3A0}.Debug|iPhoneSimulator.Build.0 = Debug|iPhoneSimulator
		{83961731-5047-4073-B48F-AB6581D5A3A0}.Debug|iPhoneSimulator.Deploy.0 = Debug|iPhoneSimulator
		{83961731-5047-4073-B48F-AB6581D5A3A0}.Release|Any CPU.ActiveCfg = Release|iPhoneSimulator
		{83961731-5047-4073-B48F-AB6581D5A3A0}.Release|Any CPU.Build.0 = Release|iPhoneSimulator
		{83961731-5047-4073-B48F-AB6581D5A3A0}.Release|Any CPU.Deploy.0 = Release|iPhoneSimulator
		{83961731-5047-4073-B48F-AB6581D5A3A0}.Release|iPhone.ActiveCfg = Release|iPhone
		{83961731-5047-4073-B48F-AB6581D5A3A0}.Release|iPhone.Build.0 = Release|iPhone
		{83961731-5047-4073-B48F-AB6581D5A3A0}.Release|iPhone.Deploy.0 = Release|iPhone
		{83961731-5047-4073-B48F-AB6581D5A3A0}.Release|iPhoneSimulator.ActiveCfg = Release|iPhoneSimulator
		{83961731-5047-4073-B48F-AB6581D5A3A0}.Release|iPhoneSimulator.Build.0 = Release|iPhoneSimulator
		{83961731-5047-4073-B48F-AB6581D5A3A0}.Release|iPhoneSimulator.Deploy.0 = Release|iPhoneSimulator
		{A4AD0032-82FA-4925-83C5-C30E55FA24E6}.Debug|Any CPU.ActiveCfg = Debug|Any CPU
		{A4AD0032-82FA-4925-83C5-C30E55FA24E6}.Debug|Any CPU.Build.0 = Debug|Any CPU
		{A4AD0032-82FA-4925-83C5-C30E55FA24E6}.Debug|Any CPU.Deploy.0 = Debug|Any CPU
		{A4AD0032-82FA-4925-83C5-C30E55FA24E6}.Debug|iPhone.ActiveCfg = Debug|Any CPU
		{A4AD0032-82FA-4925-83C5-C30E55FA24E6}.Debug|iPhone.Build.0 = Debug|Any CPU
		{A4AD0032-82FA-4925-83C5-C30E55FA24E6}.Debug|iPhone.Deploy.0 = Debug|Any CPU
		{A4AD0032-82FA-4925-83C5-C30E55FA24E6}.Debug|iPhoneSimulator.ActiveCfg = Debug|Any CPU
		{A4AD0032-82FA-4925-83C5-C30E55FA24E6}.Debug|iPhoneSimulator.Build.0 = Debug|Any CPU
		{A4AD0032-82FA-4925-83C5-C30E55FA24E6}.Debug|iPhoneSimulator.Deploy.0 = Debug|Any CPU
		{A4AD0032-82FA-4925-83C5-C30E55FA24E6}.Release|Any CPU.ActiveCfg = Release|Any CPU
		{A4AD0032-82FA-4925-83C5-C30E55FA24E6}.Release|Any CPU.Build.0 = Release|Any CPU
		{A4AD0032-82FA-4925-83C5-C30E55FA24E6}.Release|Any CPU.Deploy.0 = Release|Any CPU
		{A4AD0032-82FA-4925-83C5-C30E55FA24E6}.Release|iPhone.ActiveCfg = Release|Any CPU
		{A4AD0032-82FA-4925-83C5-C30E55FA24E6}.Release|iPhone.Build.0 = Release|Any CPU
		{A4AD0032-82FA-4925-83C5-C30E55FA24E6}.Release|iPhone.Deploy.0 = Release|Any CPU
		{A4AD0032-82FA-4925-83C5-C30E55FA24E6}.Release|iPhoneSimulator.ActiveCfg = Release|Any CPU
		{A4AD0032-82FA-4925-83C5-C30E55FA24E6}.Release|iPhoneSimulator.Build.0 = Release|Any CPU
		{A4AD0032-82FA-4925-83C5-C30E55FA24E6}.Release|iPhoneSimulator.Deploy.0 = Release|Any CPU
	EndGlobalSection
	GlobalSection(SolutionProperties) = preSolution
		HideSolutionNode = FALSE
	EndGlobalSection
	GlobalSection(ExtensibilityGlobals) = postSolution
		SolutionGuid = {5149DBB5-03AE-4994-91A2-8D5C6E9594B8}
	EndGlobalSection
EndGlobal
